// !$*UTF8*$!
{
	archiveVersion = 1;
	classes = {
	};
	objectVersion = 48;
	objects = {

/* Begin PBXBuildFile section */
		FA6A3EE9205176FE009320E3 /* TaskManager.swift in Sources */ = {isa = PBXBuildFile; fileRef = FA6A3EE8205176FE009320E3 /* TaskManager.swift */; };
		FAE73489203DC52400FC34C9 /* AppDelegate.swift in Sources */ = {isa = PBXBuildFile; fileRef = FAE73488203DC52400FC34C9 /* AppDelegate.swift */; };
		FAE7348B203DC52400FC34C9 /* ViewController.swift in Sources */ = {isa = PBXBuildFile; fileRef = FAE7348A203DC52400FC34C9 /* ViewController.swift */; };
		FAE7348E203DC52400FC34C9 /* Main.storyboard in Resources */ = {isa = PBXBuildFile; fileRef = FAE7348C203DC52400FC34C9 /* Main.storyboard */; };
		FAE73491203DC52400FC34C9 /* HabitList.xcdatamodeld in Sources */ = {isa = PBXBuildFile; fileRef = FAE7348F203DC52400FC34C9 /* HabitList.xcdatamodeld */; };
		FAE73493203DC52400FC34C9 /* Assets.xcassets in Resources */ = {isa = PBXBuildFile; fileRef = FAE73492203DC52400FC34C9 /* Assets.xcassets */; };
		FAE73496203DC52400FC34C9 /* LaunchScreen.storyboard in Resources */ = {isa = PBXBuildFile; fileRef = FAE73494203DC52400FC34C9 /* LaunchScreen.storyboard */; };
		FAE734A1203DC52400FC34C9 /* HabitListTests.swift in Sources */ = {isa = PBXBuildFile; fileRef = FAE734A0203DC52400FC34C9 /* HabitListTests.swift */; };
		FAE734AC203DC52400FC34C9 /* HabitListUITests.swift in Sources */ = {isa = PBXBuildFile; fileRef = FAE734AB203DC52400FC34C9 /* HabitListUITests.swift */; };
/* End PBXBuildFile section */

/* Begin PBXContainerItemProxy section */
		FAE7349D203DC52400FC34C9 /* PBXContainerItemProxy */ = {
			isa = PBXContainerItemProxy;
			containerPortal = FAE7347D203DC52400FC34C9 /* Project object */;
			proxyType = 1;
			remoteGlobalIDString = FAE73484203DC52400FC34C9;
			remoteInfo = HabitList;
		};
		FAE734A8203DC52400FC34C9 /* PBXContainerItemProxy */ = {
			isa = PBXContainerItemProxy;
			containerPortal = FAE7347D203DC52400FC34C9 /* Project object */;
			proxyType = 1;
			remoteGlobalIDString = FAE73484203DC52400FC34C9;
			remoteInfo = HabitList;
		};
/* End PBXContainerItemProxy section */

/* Begin PBXFileReference section */
		FA6A3EE8205176FE009320E3 /* TaskManager.swift */ = {isa = PBXFileReference; lastKnownFileType = sourcecode.swift; path = TaskManager.swift; sourceTree = "<group>"; };
		FAE73485203DC52400FC34C9 /* HabitList.app */ = {isa = PBXFileReference; explicitFileType = wrapper.application; includeInIndex = 0; path = HabitList.app; sourceTree = BUILT_PRODUCTS_DIR; };
		FAE73488203DC52400FC34C9 /* AppDelegate.swift */ = {isa = PBXFileReference; lastKnownFileType = sourcecode.swift; path = AppDelegate.swift; sourceTree = "<group>"; };
		FAE7348A203DC52400FC34C9 /* ViewController.swift */ = {isa = PBXFileReference; lastKnownFileType = sourcecode.swift; path = ViewController.swift; sourceTree = "<group>"; };
		FAE7348D203DC52400FC34C9 /* Base */ = {isa = PBXFileReference; lastKnownFileType = file.storyboard; name = Base; path = Base.lproj/Main.storyboard; sourceTree = "<group>"; };
		FAE73490203DC52400FC34C9 /* HabitList.xcdatamodel */ = {isa = PBXFileReference; lastKnownFileType = wrapper.xcdatamodel; path = HabitList.xcdatamodel; sourceTree = "<group>"; };
		FAE73492203DC52400FC34C9 /* Assets.xcassets */ = {isa = PBXFileReference; lastKnownFileType = folder.assetcatalog; path = Assets.xcassets; sourceTree = "<group>"; };
		FAE73495203DC52400FC34C9 /* Base */ = {isa = PBXFileReference; lastKnownFileType = file.storyboard; name = Base; path = Base.lproj/LaunchScreen.storyboard; sourceTree = "<group>"; };
		FAE73497203DC52400FC34C9 /* Info.plist */ = {isa = PBXFileReference; lastKnownFileType = text.plist.xml; path = Info.plist; sourceTree = "<group>"; };
		FAE7349C203DC52400FC34C9 /* HabitListTests.xctest */ = {isa = PBXFileReference; explicitFileType = wrapper.cfbundle; includeInIndex = 0; path = HabitListTests.xctest; sourceTree = BUILT_PRODUCTS_DIR; };
		FAE734A0203DC52400FC34C9 /* HabitListTests.swift */ = {isa = PBXFileReference; lastKnownFileType = sourcecode.swift; path = HabitListTests.swift; sourceTree = "<group>"; };
		FAE734A2203DC52400FC34C9 /* Info.plist */ = {isa = PBXFileReference; lastKnownFileType = text.plist.xml; path = Info.plist; sourceTree = "<group>"; };
		FAE734A7203DC52400FC34C9 /* HabitListUITests.xctest */ = {isa = PBXFileReference; explicitFileType = wrapper.cfbundle; includeInIndex = 0; path = HabitListUITests.xctest; sourceTree = BUILT_PRODUCTS_DIR; };
		FAE734AB203DC52400FC34C9 /* HabitListUITests.swift */ = {isa = PBXFileReference; lastKnownFileType = sourcecode.swift; path = HabitListUITests.swift; sourceTree = "<group>"; };
		FAE734AD203DC52400FC34C9 /* Info.plist */ = {isa = PBXFileReference; lastKnownFileType = text.plist.xml; path = Info.plist; sourceTree = "<group>"; };
/* End PBXFileReference section */

/* Begin PBXFrameworksBuildPhase section */
		FAE73482203DC52400FC34C9 /* Frameworks */ = {
			isa = PBXFrameworksBuildPhase;
			buildActionMask = 2147483647;
			files = (
			);
			runOnlyForDeploymentPostprocessing = 0;
		};
		FAE73499203DC52400FC34C9 /* Frameworks */ = {
			isa = PBXFrameworksBuildPhase;
			buildActionMask = 2147483647;
			files = (
			);
			runOnlyForDeploymentPostprocessing = 0;
		};
		FAE734A4203DC52400FC34C9 /* Frameworks */ = {
			isa = PBXFrameworksBuildPhase;
			buildActionMask = 2147483647;
			files = (
			);
			runOnlyForDeploymentPostprocessing = 0;
		};
/* End PBXFrameworksBuildPhase section */

/* Begin PBXGroup section */
		FAE7347C203DC52400FC34C9 = {
			isa = PBXGroup;
			children = (
				FAE73487203DC52400FC34C9 /* HabitList */,
				FAE7349F203DC52400FC34C9 /* HabitListTests */,
				FAE734AA203DC52400FC34C9 /* HabitListUITests */,
				FAE73486203DC52400FC34C9 /* Products */,
			);
			sourceTree = "<group>";
		};
		FAE73486203DC52400FC34C9 /* Products */ = {
			isa = PBXGroup;
			children = (
				FAE73485203DC52400FC34C9 /* HabitList.app */,
				FAE7349C203DC52400FC34C9 /* HabitListTests.xctest */,
				FAE734A7203DC52400FC34C9 /* HabitListUITests.xctest */,
			);
			name = Products;
			sourceTree = "<group>";
		};
		FAE73487203DC52400FC34C9 /* HabitList */ = {
			isa = PBXGroup;
			children = (
				FAE73488203DC52400FC34C9 /* AppDelegate.swift */,
				FAE7348A203DC52400FC34C9 /* ViewController.swift */,
				FAE7348C203DC52400FC34C9 /* Main.storyboard */,
				FA6A3EE8205176FE009320E3 /* TaskManager.swift */,
				FAE73492203DC52400FC34C9 /* Assets.xcassets */,
				FAE73494203DC52400FC34C9 /* LaunchScreen.storyboard */,
				FAE73497203DC52400FC34C9 /* Info.plist */,
				FAE7348F203DC52400FC34C9 /* HabitList.xcdatamodeld */,
			);
			path = HabitList;
			sourceTree = "<group>";
		};
		FAE7349F203DC52400FC34C9 /* HabitListTests */ = {
			isa = PBXGroup;
			children = (
				FAE734A0203DC52400FC34C9 /* HabitListTests.swift */,
				FAE734A2203DC52400FC34C9 /* Info.plist */,
			);
			path = HabitListTests;
			sourceTree = "<group>";
		};
		FAE734AA203DC52400FC34C9 /* HabitListUITests */ = {
			isa = PBXGroup;
			children = (
				FAE734AB203DC52400FC34C9 /* HabitListUITests.swift */,
				FAE734AD203DC52400FC34C9 /* Info.plist */,
			);
			path = HabitListUITests;
			sourceTree = "<group>";
		};
/* End PBXGroup section */

/* Begin PBXNativeTarget section */
		FAE73484203DC52400FC34C9 /* HabitList */ = {
			isa = PBXNativeTarget;
			buildConfigurationList = FAE734B0203DC52400FC34C9 /* Build configuration list for PBXNativeTarget "HabitList" */;
			buildPhases = (
				FAE73481203DC52400FC34C9 /* Sources */,
				FAE73482203DC52400FC34C9 /* Frameworks */,
				FAE73483203DC52400FC34C9 /* Resources */,
			);
			buildRules = (
			);
			dependencies = (
			);
			name = HabitList;
			productName = HabitList;
			productReference = FAE73485203DC52400FC34C9 /* HabitList.app */;
			productType = "com.apple.product-type.application";
		};
		FAE7349B203DC52400FC34C9 /* HabitListTests */ = {
			isa = PBXNativeTarget;
			buildConfigurationList = FAE734B3203DC52400FC34C9 /* Build configuration list for PBXNativeTarget "HabitListTests" */;
			buildPhases = (
				FAE73498203DC52400FC34C9 /* Sources */,
				FAE73499203DC52400FC34C9 /* Frameworks */,
				FAE7349A203DC52400FC34C9 /* Resources */,
			);
			buildRules = (
			);
			dependencies = (
				FAE7349E203DC52400FC34C9 /* PBXTargetDependency */,
			);
			name = HabitListTests;
			productName = HabitListTests;
			productReference = FAE7349C203DC52400FC34C9 /* HabitListTests.xctest */;
			productType = "com.apple.product-type.bundle.unit-test";
		};
		FAE734A6203DC52400FC34C9 /* HabitListUITests */ = {
			isa = PBXNativeTarget;
			buildConfigurationList = FAE734B6203DC52400FC34C9 /* Build configuration list for PBXNativeTarget "HabitListUITests" */;
			buildPhases = (
				FAE734A3203DC52400FC34C9 /* Sources */,
				FAE734A4203DC52400FC34C9 /* Frameworks */,
				FAE734A5203DC52400FC34C9 /* Resources */,
			);
			buildRules = (
			);
			dependencies = (
				FAE734A9203DC52400FC34C9 /* PBXTargetDependency */,
			);
			name = HabitListUITests;
			productName = HabitListUITests;
			productReference = FAE734A7203DC52400FC34C9 /* HabitListUITests.xctest */;
			productType = "com.apple.product-type.bundle.ui-testing";
		};
/* End PBXNativeTarget section */

/* Begin PBXProject section */
		FAE7347D203DC52400FC34C9 /* Project object */ = {
			isa = PBXProject;
			attributes = {
				LastSwiftUpdateCheck = 0920;
				LastUpgradeCheck = 0920;
				ORGANIZATIONNAME = "Yuya Imoto";
				TargetAttributes = {
					FAE73484203DC52400FC34C9 = {
						CreatedOnToolsVersion = 9.2;
						ProvisioningStyle = Automatic;
					};
					FAE7349B203DC52400FC34C9 = {
						CreatedOnToolsVersion = 9.2;
						ProvisioningStyle = Automatic;
						TestTargetID = FAE73484203DC52400FC34C9;
					};
					FAE734A6203DC52400FC34C9 = {
						CreatedOnToolsVersion = 9.2;
						ProvisioningStyle = Automatic;
						TestTargetID = FAE73484203DC52400FC34C9;
					};
				};
			};
			buildConfigurationList = FAE73480203DC52400FC34C9 /* Build configuration list for PBXProject "HabitList" */;
			compatibilityVersion = "Xcode 8.0";
			developmentRegion = en;
			hasScannedForEncodings = 0;
			knownRegions = (
				en,
				Base,
			);
			mainGroup = FAE7347C203DC52400FC34C9;
			productRefGroup = FAE73486203DC52400FC34C9 /* Products */;
			projectDirPath = "";
			projectRoot = "";
			targets = (
				FAE73484203DC52400FC34C9 /* HabitList */,
				FAE7349B203DC52400FC34C9 /* HabitListTests */,
				FAE734A6203DC52400FC34C9 /* HabitListUITests */,
			);
		};
/* End PBXProject section */

/* Begin PBXResourcesBuildPhase section */
		FAE73483203DC52400FC34C9 /* Resources */ = {
			isa = PBXResourcesBuildPhase;
			buildActionMask = 2147483647;
			files = (
				FAE73496203DC52400FC34C9 /* LaunchScreen.storyboard in Resources */,
				FAE73493203DC52400FC34C9 /* Assets.xcassets in Resources */,
				FAE7348E203DC52400FC34C9 /* Main.storyboard in Resources */,
			);
			runOnlyForDeploymentPostprocessing = 0;
		};
		FAE7349A203DC52400FC34C9 /* Resources */ = {
			isa = PBXResourcesBuildPhase;
			buildActionMask = 2147483647;
			files = (
			);
			runOnlyForDeploymentPostprocessing = 0;
		};
		FAE734A5203DC52400FC34C9 /* Resources */ = {
			isa = PBXResourcesBuildPhase;
			buildActionMask = 2147483647;
			files = (
			);
			runOnlyForDeploymentPostprocessing = 0;
		};
/* End PBXResourcesBuildPhase section */

/* Begin PBXSourcesBuildPhase section */
		FAE73481203DC52400FC34C9 /* Sources */ = {
			isa = PBXSourcesBuildPhase;
			buildActionMask = 2147483647;
			files = (
				FAE7348B203DC52400FC34C9 /* ViewController.swift in Sources */,
				FAE73489203DC52400FC34C9 /* AppDelegate.swift in Sources */,
				FA6A3EE9205176FE009320E3 /* TaskManager.swift in Sources */,
				FAE73491203DC52400FC34C9 /* HabitList.xcdatamodeld in Sources */,
			);
			runOnlyForDeploymentPostprocessing = 0;
		};
		FAE73498203DC52400FC34C9 /* Sources */ = {
			isa = PBXSourcesBuildPhase;
			buildActionMask = 2147483647;
			files = (
				FAE734A1203DC52400FC34C9 /* HabitListTests.swift in Sources */,
			);
			runOnlyForDeploymentPostprocessing = 0;
		};
		FAE734A3203DC52400FC34C9 /* Sources */ = {
			isa = PBXSourcesBuildPhase;
			buildActionMask = 2147483647;
			files = (
				FAE734AC203DC52400FC34C9 /* HabitListUITests.swift in Sources */,
			);
			runOnlyForDeploymentPostprocessing = 0;
		};
/* End PBXSourcesBuildPhase section */

/* Begin PBXTargetDependency section */
		FAE7349E203DC52400FC34C9 /* PBXTargetDependency */ = {
			isa = PBXTargetDependency;
			target = FAE73484203DC52400FC34C9 /* HabitList */;
			targetProxy = FAE7349D203DC52400FC34C9 /* PBXContainerItemProxy */;
		};
		FAE734A9203DC52400FC34C9 /* PBXTargetDependency */ = {
			isa = PBXTargetDependency;
			target = FAE73484203DC52400FC34C9 /* HabitList */;
			targetProxy = FAE734A8203DC52400FC34C9 /* PBXContainerItemProxy */;
		};
/* End PBXTargetDependency section */

/* Begin PBXVariantGroup section */
		FAE7348C203DC52400FC34C9 /* Main.storyboard */ = {
			isa = PBXVariantGroup;
			children = (
				FAE7348D203DC52400FC34C9 /* Base */,
			);
			name = Main.storyboard;
			sourceTree = "<group>";
		};
		FAE73494203DC52400FC34C9 /* LaunchScreen.storyboard */ = {
			isa = PBXVariantGroup;
			children = (
				FAE73495203DC52400FC34C9 /* Base */,
			);
			name = LaunchScreen.storyboard;
			sourceTree = "<group>";
		};
/* End PBXVariantGroup section */

/* Begin XCBuildConfiguration section */
		FAE734AE203DC52400FC34C9 /* Debug */ = {
			isa = XCBuildConfiguration;
			buildSettings = {
				ALWAYS_SEARCH_USER_PATHS = NO;
				CLANG_ANALYZER_NONNULL = YES;
				CLANG_ANALYZER_NUMBER_OBJECT_CONVERSION = YES_AGGRESSIVE;
				CLANG_CXX_LANGUAGE_STANDARD = "gnu++14";
				CLANG_CXX_LIBRARY = "libc++";
				CLANG_ENABLE_MODULES = YES;
				CLANG_ENABLE_OBJC_ARC = YES;
				CLANG_WARN_BLOCK_CAPTURE_AUTORELEASING = YES;
				CLANG_WARN_BOOL_CONVERSION = YES;
				CLANG_WARN_COMMA = YES;
				CLANG_WARN_CONSTANT_CONVERSION = YES;
				CLANG_WARN_DIRECT_OBJC_ISA_USAGE = YES_ERROR;
				CLANG_WARN_DOCUMENTATION_COMMENTS = YES;
				CLANG_WARN_EMPTY_BODY = YES;
				CLANG_WARN_ENUM_CONVERSION = YES;
				CLANG_WARN_INFINITE_RECURSION = YES;
				CLANG_WARN_INT_CONVERSION = YES;
				CLANG_WARN_NON_LITERAL_NULL_CONVERSION = YES;
				CLANG_WARN_OBJC_LITERAL_CONVERSION = YES;
				CLANG_WARN_OBJC_ROOT_CLASS = YES_ERROR;
				CLANG_WARN_RANGE_LOOP_ANALYSIS = YES;
				CLANG_WARN_STRICT_PROTOTYPES = YES;
				CLANG_WARN_SUSPICIOUS_MOVE = YES;
				CLANG_WARN_UNGUARDED_AVAILABILITY = YES_AGGRESSIVE;
				CLANG_WARN_UNREACHABLE_CODE = YES;
				CLANG_WARN__DUPLICATE_METHOD_MATCH = YES;
				CODE_SIGN_IDENTITY = "iPhone Developer";
				COPY_PHASE_STRIP = NO;
				DEBUG_INFORMATION_FORMAT = dwarf;
				ENABLE_STRICT_OBJC_MSGSEND = YES;
				ENABLE_TESTABILITY = YES;
				GCC_C_LANGUAGE_STANDARD = gnu11;
				GCC_DYNAMIC_NO_PIC = NO;
				GCC_NO_COMMON_BLOCKS = YES;
				GCC_OPTIMIZATION_LEVEL = 0;
				GCC_PREPROCESSOR_DEFINITIONS = (
					"DEBUG=1",
					"$(inherited)",
				);
				GCC_WARN_64_TO_32_BIT_CONVERSION = YES;
				GCC_WARN_ABOUT_RETURN_TYPE = YES_ERROR;
				GCC_WARN_UNDECLARED_SELECTOR = YES;
				GCC_WARN_UNINITIALIZED_AUTOS = YES_AGGRESSIVE;
				GCC_WARN_UNUSED_FUNCTION = YES;
				GCC_WARN_UNUSED_VARIABLE = YES;
				IPHONEOS_DEPLOYMENT_TARGET = 11.2;
				MTL_ENABLE_DEBUG_INFO = YES;
				ONLY_ACTIVE_ARCH = YES;
				SDKROOT = iphoneos;
				SWIFT_ACTIVE_COMPILATION_CONDITIONS = DEBUG;
				SWIFT_OPTIMIZATION_LEVEL = "-Onone";
			};
			name = Debug;
		};
		FAE734AF203DC52400FC34C9 /* Release */ = {
			isa = XCBuildConfiguration;
			buildSettings = {
				ALWAYS_SEARCH_USER_PATHS = NO;
				CLANG_ANALYZER_NONNULL = YES;
				CLANG_ANALYZER_NUMBER_OBJECT_CONVERSION = YES_AGGRESSIVE;
				CLANG_CXX_LANGUAGE_STANDARD = "gnu++14";
				CLANG_CXX_LIBRARY = "libc++";
				CLANG_ENABLE_MODULES = YES;
				CLANG_ENABLE_OBJC_ARC = YES;
				CLANG_WARN_BLOCK_CAPTURE_AUTORELEASING = YES;
				CLANG_WARN_BOOL_CONVERSION = YES;
				CLANG_WARN_COMMA = YES;
				CLANG_WARN_CONSTANT_CONVERSION = YES;
				CLANG_WARN_DIRECT_OBJC_ISA_USAGE = YES_ERROR;
				CLANG_WARN_DOCUMENTATION_COMMENTS = YES;
				CLANG_WARN_EMPTY_BODY = YES;
				CLANG_WARN_ENUM_CONVERSION = YES;
				CLANG_WARN_INFINITE_RECURSION = YES;
				CLANG_WARN_INT_CONVERSION = YES;
				CLANG_WARN_NON_LITERAL_NULL_CONVERSION = YES;
				CLANG_WARN_OBJC_LITERAL_CONVERSION = YES;
				CLANG_WARN_OBJC_ROOT_CLASS = YES_ERROR;
				CLANG_WARN_RANGE_LOOP_ANALYSIS = YES;
				CLANG_WARN_STRICT_PROTOTYPES = YES;
				CLANG_WARN_SUSPICIOUS_MOVE = YES;
				CLANG_WARN_UNGUARDED_AVAILABILITY = YES_AGGRESSIVE;
				CLANG_WARN_UNREACHABLE_CODE = YES;
				CLANG_WARN__DUPLICATE_METHOD_MATCH = YES;
				CODE_SIGN_IDENTITY = "iPhone Developer";
				COPY_PHASE_STRIP = NO;
				DEBUG_INFORMATION_FORMAT = "dwarf-with-dsym";
				ENABLE_NS_ASSERTIONS = NO;
				ENABLE_STRICT_OBJC_MSGSEND = YES;
				GCC_C_LANGUAGE_STANDARD = gnu11;
				GCC_NO_COMMON_BLOCKS = YES;
				GCC_WARN_64_TO_32_BIT_CONVERSION = YES;
				GCC_WARN_ABOUT_RETURN_TYPE = YES_ERROR;
				GCC_WARN_UNDECLARED_SELECTOR = YES;
				GCC_WARN_UNINITIALIZED_AUTOS = YES_AGGRESSIVE;
				GCC_WARN_UNUSED_FUNCTION = YES;
				GCC_WARN_UNUSED_VARIABLE = YES;
				IPHONEOS_DEPLOYMENT_TARGET = 11.2;
				MTL_ENABLE_DEBUG_INFO = NO;
				SDKROOT = iphoneos;
				SWIFT_OPTIMIZATION_LEVEL = "-Owholemodule";
				VALIDATE_PRODUCT = YES;
			};
			name = Release;
		};
		FAE734B1203DC52400FC34C9 /* Debug */ = {
			isa = XCBuildConfiguration;
			buildSettings = {
				ASSETCATALOG_COMPILER_APPICON_NAME = AppIcon;
				CODE_SIGN_STYLE = Automatic;
				DEVELOPMENT_TEAM = L767KT83R9;
				INFOPLIST_FILE = HabitList/Info.plist;
				LD_RUNPATH_SEARCH_PATHS = "$(inherited) @executable_path/Frameworks";
				PRODUCT_BUNDLE_IDENTIFIER = com.yuya.HabitList;
				PRODUCT_NAME = "$(TARGET_NAME)";
				SWIFT_VERSION = 4.0;
				TARGETED_DEVICE_FAMILY = "1,2";
			};
			name = Debug;
		};
		FAE734B2203DC52400FC34C9 /* Release */ = {
			isa = XCBuildConfiguration;
			buildSettings = {
				ASSETCATALOG_COMPILER_APPICON_NAME = AppIcon;
				CODE_SIGN_STYLE = Automatic;
				DEVELOPMENT_TEAM = L767KT83R9;
				INFOPLIST_FILE = HabitList/Info.plist;
				LD_RUNPATH_SEARCH_PATHS = "$(inherited) @executable_path/Frameworks";
				PRODUCT_BUNDLE_IDENTIFIER = com.yuya.HabitList;
				PRODUCT_NAME = "$(TARGET_NAME)";
				SWIFT_VERSION = 4.0;
				TARGETED_DEVICE_FAMILY = "1,2";
			};
			name = Release;
		};
		FAE734B4203DC52400FC34C9 /* Debug */ = {
			isa = XCBuildConfiguration;
			buildSettings = {
				ALWAYS_EMBED_SWIFT_STANDARD_LIBRARIES = YES;
				BUNDLE_LOADER = "$(TEST_HOST)";
				CODE_SIGN_STYLE = Automatic;
				DEVELOPMENT_TEAM = L767KT83R9;
				INFOPLIST_FILE = HabitListTests/Info.plist;
				LD_RUNPATH_SEARCH_PATHS = "$(inherited) @executable_path/Frameworks @loader_path/Frameworks";
				PRODUCT_BUNDLE_IDENTIFIER = com.yuya.HabitListTests;
				PRODUCT_NAME = "$(TARGET_NAME)";
				SWIFT_VERSION = 4.0;
				TARGETED_DEVICE_FAMILY = "1,2";
				TEST_HOST = "$(BUILT_PRODUCTS_DIR)/HabitList.app/HabitList";
			};
			name = Debug;
		};
		FAE734B5203DC52400FC34C9 /* Release */ = {
			isa = XCBuildConfiguration;
			buildSettings = {
				ALWAYS_EMBED_SWIFT_STANDARD_LIBRARIES = YES;
				BUNDLE_LOADER = "$(TEST_HOST)";
				CODE_SIGN_STYLE = Automatic;
				DEVELOPMENT_TEAM = L767KT83R9;
				INFOPLIST_FILE = HabitListTests/Info.plist;
				LD_RUNPATH_SEARCH_PATHS = "$(inherited) @executable_path/Frameworks @loader_path/Frameworks";
				PRODUCT_BUNDLE_IDENTIFIER = com.yuya.HabitListTests;
				PRODUCT_NAME = "$(TARGET_NAME)";
				SWIFT_VERSION = 4.0;
				TARGETED_DEVICE_FAMILY = "1,2";
				TEST_HOST = "$(BUILT_PRODUCTS_DIR)/HabitList.app/HabitList";
			};
			name = Release;
		};
		FAE734B7203DC52400FC34C9 /* Debug */ = {
			isa = XCBuildConfiguration;
			buildSettings = {
				ALWAYS_EMBED_SWIFT_STANDARD_LIBRARIES = YES;
				CODE_SIGN_STYLE = Automatic;
				DEVELOPMENT_TEAM = L767KT83R9;
				INFOPLIST_FILE = HabitListUITests/Info.plist;
				LD_RUNPATH_SEARCH_PATHS = "$(inherited) @executable_path/Frameworks @loader_path/Frameworks";
				PRODUCT_BUNDLE_IDENTIFIER = com.yuya.HabitListUITests;
				PRODUCT_NAME = "$(TARGET_NAME)";
				SWIFT_VERSION = 4.0;
				TARGETED_DEVICE_FAMILY = "1,2";
				TEST_TARGET_NAME = HabitList;
			};
			name = Debug;
		};
		FAE734B8203DC52400FC34C9 /* Release */ = {
			isa = XCBuildConfiguration;
			buildSettings = {
				ALWAYS_EMBED_SWIFT_STANDARD_LIBRARIES = YES;
				CODE_SIGN_STYLE = Automatic;
				DEVELOPMENT_TEAM = L767KT83R9;
				INFOPLIST_FILE = HabitListUITests/Info.plist;
				LD_RUNPATH_SEARCH_PATHS = "$(inherited) @executable_path/Frameworks @loader_path/Frameworks";
				PRODUCT_BUNDLE_IDENTIFIER = com.yuya.HabitListUITests;
				PRODUCT_NAME = "$(TARGET_NAME)";
				SWIFT_VERSION = 4.0;
				TARGETED_DEVICE_FAMILY = "1,2";
				TEST_TARGET_NAME = HabitList;
			};
			name = Release;
		};
/* End XCBuildConfiguration section */

/* Begin XCConfigurationList section */
		FAE73480203DC52400FC34C9 /* Build configuration list for PBXProject "HabitList" */ = {
			isa = XCConfigurationList;
			buildConfigurations = (
				FAE734AE203DC52400FC34C9 /* Debug */,
				FAE734AF203DC52400FC34C9 /* Release */,
			);
			defaultConfigurationIsVisible = 0;
			defaultConfigurationName = Release;
		};
		FAE734B0203DC52400FC34C9 /* Build configuration list for PBXNativeTarget "HabitList" */ = {
			isa = XCConfigurationList;
			buildConfigurations = (
				FAE734B1203DC52400FC34C9 /* Debug */,
				FAE734B2203DC52400FC34C9 /* Release */,
			);
			defaultConfigurationIsVisible = 0;
			defaultConfigurationName = Release;
		};
		FAE734B3203DC52400FC34C9 /* Build configuration list for PBXNativeTarget "HabitListTests" */ = {
			isa = XCConfigurationList;
			buildConfigurations = (
				FAE734B4203DC52400FC34C9 /* Debug */,
				FAE734B5203DC52400FC34C9 /* Release */,
			);
			defaultConfigurationIsVisible = 0;
			defaultConfigurationName = Release;
		};
		FAE734B6203DC52400FC34C9 /* Build configuration list for PBXNativeTarget "HabitListUITests" */ = {
			isa = XCConfigurationList;
			buildConfigurations = (
				FAE734B7203DC52400FC34C9 /* Debug */,
				FAE734B8203DC52400FC34C9 /* Release */,
			);
			defaultConfigurationIsVisible = 0;
			defaultConfigurationName = Release;
		};
/* End XCConfigurationList section */

/* Begin XCVersionGroup section */
		FAE7348F203DC52400FC34C9 /* HabitList.xcdatamodeld */ = {
			isa = XCVersionGroup;
			children = (
				FAE73490203DC52400FC34C9 /* HabitList.xcdatamodel */,
			);
			currentVersion = FAE73490203DC52400FC34C9 /* HabitList.xcdatamodel */;
			path = HabitList.xcdatamodeld;
			sourceTree = "<group>";
			versionGroupType = wrapper.xcdatamodel;
		};
/* End XCVersionGroup section */
	};
	rootObject = FAE7347D203DC52400FC34C9 /* Project object */;
}
